
Microsoft Visual Studio Solution File, Format Version 12.00
# Visual Studio Version 16
VisualStudioVersion = 16.0.32228.343
MinimumVisualStudioVersion = 10.0.40219.1
Project("{FAE04EC0-301F-11D3-BF4B-00C04F79EFBC}") = "AW_Fullstack_W3_D2_EF_Example", "AW_Fullstack_W3_D2_EF_Example\AW_Fullstack_W3_D2_EF_Example.csproj", "{1A957CFD-F571-4B50-853A-D9F12977A459}"
EndProject
Global
	GlobalSection(SolutionConfigurationPlatforms) = preSolution
		Debug|Any CPU = Debug|Any CPU
		Release|Any CPU = Release|Any CPU
	EndGlobalSection
	GlobalSection(ProjectConfigurationPlatforms) = postSolution
		{1A957CFD-F571-4B50-853A-D9F12977A459}.Debug|Any CPU.ActiveCfg = Debug|Any CPU
		{1A957CFD-F571-4B50-853A-D9F12977A459}.Debug|Any CPU.Build.0 = Debug|Any CPU
		{1A957CFD-F571-4B50-853A-D9F12977A459}.Release|Any CPU.ActiveCfg = Release|Any CPU
		{1A957CFD-F571-4B50-853A-D9F12977A459}.Release|Any CPU.Build.0 = Release|Any CPU
	EndGlobalSection
	GlobalSection(SolutionProperties) = preSolution
		HideSolutionNode = FALSE
	EndGlobalSection
	GlobalSection(ExtensibilityGlobals) = postSolution
		SolutionGuid = {6708D5E2-5E46-4BA4-A0AB-F3D9351C2112}
	EndGlobalSection
EndGlobal
